// !$*UTF8*$!
{
	archiveVersion = 1;
	classes = {
	};
	objectVersion = 55;
	objects = {

/* Begin PBXBuildFile section */
		9600DAE629817B2C00A1F9E8 /* AppDelegate.swift in Sources */ = {isa = PBXBuildFile; fileRef = 9600DAE529817B2C00A1F9E8 /* AppDelegate.swift */; };
		9600DAEA29817B2C00A1F9E8 /* MainViewController.swift in Sources */ = {isa = PBXBuildFile; fileRef = 9600DAE929817B2C00A1F9E8 /* MainViewController.swift */; };
		9600DAEF29817B2D00A1F9E8 /* Images.xcassets in Resources */ = {isa = PBXBuildFile; fileRef = 9600DAEE29817B2D00A1F9E8 /* Images.xcassets */; };
		9600DAF229817B2D00A1F9E8 /* LaunchScreen.storyboard in Resources */ = {isa = PBXBuildFile; fileRef = 9600DAF029817B2D00A1F9E8 /* LaunchScreen.storyboard */; };
		9600DAFB298183A400A1F9E8 /* AppDelegate + Extension.swift in Sources */ = {isa = PBXBuildFile; fileRef = 9600DAFA298183A400A1F9E8 /* AppDelegate + Extension.swift */; };
		9600DB052981851100A1F9E8 /* MainViewController.xib in Resources */ = {isa = PBXBuildFile; fileRef = 9600DB042981851100A1F9E8 /* MainViewController.xib */; };
		9600DB0A2981887F00A1F9E8 /* Configuration.swift in Sources */ = {isa = PBXBuildFile; fileRef = 9600DB092981887F00A1F9E8 /* Configuration.swift */; };
		96108387298673DF0000D378 /* BLEPeripheralManager.swift in Sources */ = {isa = PBXBuildFile; fileRef = 96108386298673DF0000D378 /* BLEPeripheralManager.swift */; };
		9639DDBC29863D5A00E2FFCA /* Constants.swift in Sources */ = {isa = PBXBuildFile; fileRef = 9639DDBB29863D5A00E2FFCA /* Constants.swift */; };
		9639DDC12986415500E2FFCA /* BLECentralManager.swift in Sources */ = {isa = PBXBuildFile; fileRef = 9639DDC02986415500E2FFCA /* BLECentralManager.swift */; };
/* End PBXBuildFile section */

/* Begin PBXFileReference section */
		9600DAE229817B2C00A1F9E8 /* tryBluetooth.app */ = {isa = PBXFileReference; explicitFileType = wrapper.application; includeInIndex = 0; path = tryBluetooth.app; sourceTree = BUILT_PRODUCTS_DIR; };
		9600DAE529817B2C00A1F9E8 /* AppDelegate.swift */ = {isa = PBXFileReference; lastKnownFileType = sourcecode.swift; path = AppDelegate.swift; sourceTree = "<group>"; };
		9600DAE929817B2C00A1F9E8 /* MainViewController.swift */ = {isa = PBXFileReference; lastKnownFileType = sourcecode.swift; path = MainViewController.swift; sourceTree = "<group>"; };
		9600DAEE29817B2D00A1F9E8 /* Images.xcassets */ = {isa = PBXFileReference; lastKnownFileType = folder.assetcatalog; path = Images.xcassets; sourceTree = "<group>"; };
		9600DAF129817B2D00A1F9E8 /* Base */ = {isa = PBXFileReference; lastKnownFileType = file.storyboard; name = Base; path = Base.lproj/LaunchScreen.storyboard; sourceTree = "<group>"; };
		9600DAF329817B2D00A1F9E8 /* Info.plist */ = {isa = PBXFileReference; lastKnownFileType = text.plist.xml; path = Info.plist; sourceTree = "<group>"; };
		9600DAFA298183A400A1F9E8 /* AppDelegate + Extension.swift */ = {isa = PBXFileReference; lastKnownFileType = sourcecode.swift; path = "AppDelegate + Extension.swift"; sourceTree = "<group>"; };
		9600DB042981851100A1F9E8 /* MainViewController.xib */ = {isa = PBXFileReference; lastKnownFileType = file.xib; path = MainViewController.xib; sourceTree = "<group>"; };
		9600DB092981887F00A1F9E8 /* Configuration.swift */ = {isa = PBXFileReference; lastKnownFileType = sourcecode.swift; path = Configuration.swift; sourceTree = "<group>"; };
		96108386298673DF0000D378 /* BLEPeripheralManager.swift */ = {isa = PBXFileReference; lastKnownFileType = sourcecode.swift; path = BLEPeripheralManager.swift; sourceTree = "<group>"; };
		9639DDBB29863D5A00E2FFCA /* Constants.swift */ = {isa = PBXFileReference; lastKnownFileType = sourcecode.swift; path = Constants.swift; sourceTree = "<group>"; };
		9639DDC02986415500E2FFCA /* BLECentralManager.swift */ = {isa = PBXFileReference; lastKnownFileType = sourcecode.swift; path = BLECentralManager.swift; sourceTree = "<group>"; };
/* End PBXFileReference section */

/* Begin PBXFrameworksBuildPhase section */
		9600DADF29817B2C00A1F9E8 /* Frameworks */ = {
			isa = PBXFrameworksBuildPhase;
			buildActionMask = 2147483647;
			files = (
			);
			runOnlyForDeploymentPostprocessing = 0;
		};
/* End PBXFrameworksBuildPhase section */

/* Begin PBXGroup section */
		9600DAD929817B2C00A1F9E8 = {
			isa = PBXGroup;
			children = (
				9600DAE429817B2C00A1F9E8 /* tryBluetooth */,
				9600DAE329817B2C00A1F9E8 /* Products */,
			);
			sourceTree = "<group>";
		};
		9600DAE329817B2C00A1F9E8 /* Products */ = {
			isa = PBXGroup;
			children = (
				9600DAE229817B2C00A1F9E8 /* tryBluetooth.app */,
			);
			name = Products;
			sourceTree = "<group>";
		};
		9600DAE429817B2C00A1F9E8 /* tryBluetooth */ = {
			isa = PBXGroup;
			children = (
				9600DAF92981837F00A1F9E8 /* AppDelegate */,
				9600DB072981870B00A1F9E8 /* Configuration */,
				9600DB082981872900A1F9E8 /* Extensions */,
				9600DAFE298183D000A1F9E8 /* Storyboard */,
				9600DAFD298183C200A1F9E8 /* Resources */,
				9639DDBD2986410A00E2FFCA /* Managers */,
				9600DB00298184AA00A1F9E8 /* Modules */,
			);
			path = tryBluetooth;
			sourceTree = "<group>";
		};
		9600DAF92981837F00A1F9E8 /* AppDelegate */ = {
			isa = PBXGroup;
			children = (
				9600DAE529817B2C00A1F9E8 /* AppDelegate.swift */,
				9600DAFA298183A400A1F9E8 /* AppDelegate + Extension.swift */,
			);
			path = AppDelegate;
			sourceTree = "<group>";
		};
		9600DAFD298183C200A1F9E8 /* Resources */ = {
			isa = PBXGroup;
			children = (
				9639DDBA29863D4400E2FFCA /* Constants */,
				9600DB06298185A900A1F9E8 /* Images */,
				9600DAFF2981842100A1F9E8 /* Plist */,
			);
			path = Resources;
			sourceTree = "<group>";
		};
		9600DAFE298183D000A1F9E8 /* Storyboard */ = {
			isa = PBXGroup;
			children = (
				9600DAF029817B2D00A1F9E8 /* LaunchScreen.storyboard */,
			);
			path = Storyboard;
			sourceTree = "<group>";
		};
		9600DAFF2981842100A1F9E8 /* Plist */ = {
			isa = PBXGroup;
			children = (
				9600DAF329817B2D00A1F9E8 /* Info.plist */,
			);
			path = Plist;
			sourceTree = "<group>";
		};
		9600DB00298184AA00A1F9E8 /* Modules */ = {
			isa = PBXGroup;
			children = (
				9600DB01298184BD00A1F9E8 /* first */,
			);
			path = Modules;
			sourceTree = "<group>";
		};
		9600DB01298184BD00A1F9E8 /* first */ = {
			isa = PBXGroup;
			children = (
				9600DB02298184DD00A1F9E8 /* Scenes */,
			);
			path = first;
			sourceTree = "<group>";
		};
		9600DB02298184DD00A1F9E8 /* Scenes */ = {
			isa = PBXGroup;
			children = (
				9600DB03298184EF00A1F9E8 /* Main */,
			);
			path = Scenes;
			sourceTree = "<group>";
		};
		9600DB03298184EF00A1F9E8 /* Main */ = {
			isa = PBXGroup;
			children = (
				9600DAE929817B2C00A1F9E8 /* MainViewController.swift */,
				9600DB042981851100A1F9E8 /* MainViewController.xib */,
			);
			path = Main;
			sourceTree = "<group>";
		};
		9600DB06298185A900A1F9E8 /* Images */ = {
			isa = PBXGroup;
			children = (
				9600DAEE29817B2D00A1F9E8 /* Images.xcassets */,
			);
			path = Images;
			sourceTree = "<group>";
		};
		9600DB072981870B00A1F9E8 /* Configuration */ = {
			isa = PBXGroup;
			children = (
				9600DB092981887F00A1F9E8 /* Configuration.swift */,
			);
			path = Configuration;
			sourceTree = "<group>";
		};
		9600DB082981872900A1F9E8 /* Extensions */ = {
			isa = PBXGroup;
			children = (
			);
			path = Extensions;
			sourceTree = "<group>";
		};
		96108385298673B80000D378 /* Peripheral Manager */ = {
			isa = PBXGroup;
			children = (
				96108386298673DF0000D378 /* BLEPeripheralManager.swift */,
			);
			path = "Peripheral Manager";
			sourceTree = "<group>";
		};
		9639DDBA29863D4400E2FFCA /* Constants */ = {
			isa = PBXGroup;
			children = (
				9639DDBB29863D5A00E2FFCA /* Constants.swift */,
			);
			path = Constants;
			sourceTree = "<group>";
		};
		9639DDBD2986410A00E2FFCA /* Managers */ = {
			isa = PBXGroup;
			children = (
				9639DDBE2986413100E2FFCA /* BLE */,
			);
			path = Managers;
			sourceTree = "<group>";
		};
		9639DDBE2986413100E2FFCA /* BLE */ = {
			isa = PBXGroup;
			children = (
				96108385298673B80000D378 /* Peripheral Manager */,
				9639DDBF2986414000E2FFCA /* CentralManager */,
			);
			path = BLE;
			sourceTree = "<group>";
		};
		9639DDBF2986414000E2FFCA /* CentralManager */ = {
			isa = PBXGroup;
			children = (
				9639DDC02986415500E2FFCA /* BLECentralManager.swift */,
			);
			path = CentralManager;
			sourceTree = "<group>";
		};
/* End PBXGroup section */

/* Begin PBXNativeTarget section */
		9600DAE129817B2C00A1F9E8 /* tryBluetooth */ = {
			isa = PBXNativeTarget;
			buildConfigurationList = 9600DAF629817B2D00A1F9E8 /* Build configuration list for PBXNativeTarget "tryBluetooth" */;
			buildPhases = (
				9600DB0B2981A75300A1F9E8 /* SwiftLint */,
				9600DADE29817B2C00A1F9E8 /* Sources */,
				9600DADF29817B2C00A1F9E8 /* Frameworks */,
				9600DAE029817B2C00A1F9E8 /* Resources */,
			);
			buildRules = (
			);
			dependencies = (
			);
			name = tryBluetooth;
			productName = tryBluetooth;
			productReference = 9600DAE229817B2C00A1F9E8 /* tryBluetooth.app */;
			productType = "com.apple.product-type.application";
		};
/* End PBXNativeTarget section */

/* Begin PBXProject section */
		9600DADA29817B2C00A1F9E8 /* Project object */ = {
			isa = PBXProject;
			attributes = {
				BuildIndependentTargetsInParallel = 1;
				LastSwiftUpdateCheck = 1420;
				LastUpgradeCheck = 1420;
				TargetAttributes = {
					9600DAE129817B2C00A1F9E8 = {
						CreatedOnToolsVersion = 14.2;
					};
				};
			};
			buildConfigurationList = 9600DADD29817B2C00A1F9E8 /* Build configuration list for PBXProject "tryBluetooth" */;
			compatibilityVersion = "Xcode 13.0";
			developmentRegion = en;
			hasScannedForEncodings = 0;
			knownRegions = (
				en,
				Base,
			);
			mainGroup = 9600DAD929817B2C00A1F9E8;
			productRefGroup = 9600DAE329817B2C00A1F9E8 /* Products */;
			projectDirPath = "";
			projectRoot = "";
			targets = (
				9600DAE129817B2C00A1F9E8 /* tryBluetooth */,
			);
		};
/* End PBXProject section */

/* Begin PBXResourcesBuildPhase section */
		9600DAE029817B2C00A1F9E8 /* Resources */ = {
			isa = PBXResourcesBuildPhase;
			buildActionMask = 2147483647;
			files = (
				9600DAF229817B2D00A1F9E8 /* LaunchScreen.storyboard in Resources */,
				9600DB052981851100A1F9E8 /* MainViewController.xib in Resources */,
				9600DAEF29817B2D00A1F9E8 /* Images.xcassets in Resources */,
			);
			runOnlyForDeploymentPostprocessing = 0;
		};
/* End PBXResourcesBuildPhase section */

/* Begin PBXShellScriptBuildPhase section */
		9600DB0B2981A75300A1F9E8 /* SwiftLint */ = {
			isa = PBXShellScriptBuildPhase;
			alwaysOutOfDate = 1;
			buildActionMask = 2147483647;
			files = (
			);
			inputFileListPaths = (
			);
			inputPaths = (
			);
			name = SwiftLint;
			outputFileListPaths = (
			);
			outputPaths = (
			);
			runOnlyForDeploymentPostprocessing = 0;
			shellPath = /bin/sh;
			shellScript = "export PATH=\"$PATH:/opt/homebrew/bin\"\nif which swiftlint > /dev/null; then\n  swiftlint\nelse\n  echo \"warning: SwiftLint not installed, download from https://github.com/realm/SwiftLint\"\nfi\n";
		};
/* End PBXShellScriptBuildPhase section */

/* Begin PBXSourcesBuildPhase section */
		9600DADE29817B2C00A1F9E8 /* Sources */ = {
			isa = PBXSourcesBuildPhase;
			buildActionMask = 2147483647;
			files = (
				9639DDBC29863D5A00E2FFCA /* Constants.swift in Sources */,
				9600DAFB298183A400A1F9E8 /* AppDelegate + Extension.swift in Sources */,
				9600DAEA29817B2C00A1F9E8 /* MainViewController.swift in Sources */,
				96108387298673DF0000D378 /* BLEPeripheralManager.swift in Sources */,
				9600DB0A2981887F00A1F9E8 /* Configuration.swift in Sources */,
				9600DAE629817B2C00A1F9E8 /* AppDelegate.swift in Sources */,
				9639DDC12986415500E2FFCA /* BLECentralManager.swift in Sources */,
			);
			runOnlyForDeploymentPostprocessing = 0;
		};
/* End PBXSourcesBuildPhase section */

/* Begin PBXVariantGroup section */
		9600DAF029817B2D00A1F9E8 /* LaunchScreen.storyboard */ = {
			isa = PBXVariantGroup;
			children = (
				9600DAF129817B2D00A1F9E8 /* Base */,
			);
			name = LaunchScreen.storyboard;
			sourceTree = "<group>";
		};
/* End PBXVariantGroup section */

/* Begin XCBuildConfiguration section */
		9600DAF429817B2D00A1F9E8 /* debug */ = {
			isa = XCBuildConfiguration;
			buildSettings = {
				ALWAYS_SEARCH_USER_PATHS = NO;
				CLANG_ANALYZER_NONNULL = YES;
				CLANG_ANALYZER_NUMBER_OBJECT_CONVERSION = YES_AGGRESSIVE;
				CLANG_CXX_LANGUAGE_STANDARD = "gnu++20";
				CLANG_ENABLE_MODULES = YES;
				CLANG_ENABLE_OBJC_ARC = YES;
				CLANG_ENABLE_OBJC_WEAK = YES;
				CLANG_WARN_BLOCK_CAPTURE_AUTORELEASING = YES;
				CLANG_WARN_BOOL_CONVERSION = YES;
				CLANG_WARN_COMMA = YES;
				CLANG_WARN_CONSTANT_CONVERSION = YES;
				CLANG_WARN_DEPRECATED_OBJC_IMPLEMENTATIONS = YES;
				CLANG_WARN_DIRECT_OBJC_ISA_USAGE = YES_ERROR;
				CLANG_WARN_DOCUMENTATION_COMMENTS = YES;
				CLANG_WARN_EMPTY_BODY = YES;
				CLANG_WARN_ENUM_CONVERSION = YES;
				CLANG_WARN_INFINITE_RECURSION = YES;
				CLANG_WARN_INT_CONVERSION = YES;
				CLANG_WARN_NON_LITERAL_NULL_CONVERSION = YES;
				CLANG_WARN_OBJC_IMPLICIT_RETAIN_SELF = YES;
				CLANG_WARN_OBJC_LITERAL_CONVERSION = YES;
				CLANG_WARN_OBJC_ROOT_CLASS = YES_ERROR;
				CLANG_WARN_QUOTED_INCLUDE_IN_FRAMEWORK_HEADER = YES;
				CLANG_WARN_RANGE_LOOP_ANALYSIS = YES;
				CLANG_WARN_STRICT_PROTOTYPES = YES;
				CLANG_WARN_SUSPICIOUS_MOVE = YES;
				CLANG_WARN_UNGUARDED_AVAILABILITY = YES_AGGRESSIVE;
				CLANG_WARN_UNREACHABLE_CODE = YES;
				CLANG_WARN__DUPLICATE_METHOD_MATCH = YES;
				COPY_PHASE_STRIP = NO;
				DEBUG_INFORMATION_FORMAT = dwarf;
				ENABLE_STRICT_OBJC_MSGSEND = YES;
				ENABLE_TESTABILITY = YES;
				GCC_C_LANGUAGE_STANDARD = gnu11;
				GCC_DYNAMIC_NO_PIC = NO;
				GCC_NO_COMMON_BLOCKS = YES;
				GCC_OPTIMIZATION_LEVEL = 0;
				GCC_PREPROCESSOR_DEFINITIONS = (
					"DEBUG=1",
					"$(inherited)",
				);
				GCC_WARN_64_TO_32_BIT_CONVERSION = YES;
				GCC_WARN_ABOUT_RETURN_TYPE = YES_ERROR;
				GCC_WARN_UNDECLARED_SELECTOR = YES;
				GCC_WARN_UNINITIALIZED_AUTOS = YES_AGGRESSIVE;
				GCC_WARN_UNUSED_FUNCTION = YES;
				GCC_WARN_UNUSED_VARIABLE = YES;
				IPHONEOS_DEPLOYMENT_TARGET = 16.2;
				MTL_ENABLE_DEBUG_INFO = INCLUDE_SOURCE;
				MTL_FAST_MATH = YES;
				ONLY_ACTIVE_ARCH = YES;
				SDKROOT = iphoneos;
				SWIFT_ACTIVE_COMPILATION_CONDITIONS = DEBUG;
				SWIFT_OPTIMIZATION_LEVEL = "-Onone";
			};
			name = debug;
		};
		9600DAF529817B2D00A1F9E8 /* release */ = {
			isa = XCBuildConfiguration;
			buildSettings = {
				ALWAYS_SEARCH_USER_PATHS = NO;
				CLANG_ANALYZER_NONNULL = YES;
				CLANG_ANALYZER_NUMBER_OBJECT_CONVERSION = YES_AGGRESSIVE;
				CLANG_CXX_LANGUAGE_STANDARD = "gnu++20";
				CLANG_ENABLE_MODULES = YES;
				CLANG_ENABLE_OBJC_ARC = YES;
				CLANG_ENABLE_OBJC_WEAK = YES;
				CLANG_WARN_BLOCK_CAPTURE_AUTORELEASING = YES;
				CLANG_WARN_BOOL_CONVERSION = YES;
				CLANG_WARN_COMMA = YES;
				CLANG_WARN_CONSTANT_CONVERSION = YES;
				CLANG_WARN_DEPRECATED_OBJC_IMPLEMENTATIONS = YES;
				CLANG_WARN_DIRECT_OBJC_ISA_USAGE = YES_ERROR;
				CLANG_WARN_DOCUMENTATION_COMMENTS = YES;
				CLANG_WARN_EMPTY_BODY = YES;
				CLANG_WARN_ENUM_CONVERSION = YES;
				CLANG_WARN_INFINITE_RECURSION = YES;
				CLANG_WARN_INT_CONVERSION = YES;
				CLANG_WARN_NON_LITERAL_NULL_CONVERSION = YES;
				CLANG_WARN_OBJC_IMPLICIT_RETAIN_SELF = YES;
				CLANG_WARN_OBJC_LITERAL_CONVERSION = YES;
				CLANG_WARN_OBJC_ROOT_CLASS = YES_ERROR;
				CLANG_WARN_QUOTED_INCLUDE_IN_FRAMEWORK_HEADER = YES;
				CLANG_WARN_RANGE_LOOP_ANALYSIS = YES;
				CLANG_WARN_STRICT_PROTOTYPES = YES;
				CLANG_WARN_SUSPICIOUS_MOVE = YES;
				CLANG_WARN_UNGUARDED_AVAILABILITY = YES_AGGRESSIVE;
				CLANG_WARN_UNREACHABLE_CODE = YES;
				CLANG_WARN__DUPLICATE_METHOD_MATCH = YES;
				COPY_PHASE_STRIP = NO;
				DEBUG_INFORMATION_FORMAT = "dwarf-with-dsym";
				ENABLE_NS_ASSERTIONS = NO;
				ENABLE_STRICT_OBJC_MSGSEND = YES;
				GCC_C_LANGUAGE_STANDARD = gnu11;
				GCC_NO_COMMON_BLOCKS = YES;
				GCC_WARN_64_TO_32_BIT_CONVERSION = YES;
				GCC_WARN_ABOUT_RETURN_TYPE = YES_ERROR;
				GCC_WARN_UNDECLARED_SELECTOR = YES;
				GCC_WARN_UNINITIALIZED_AUTOS = YES_AGGRESSIVE;
				GCC_WARN_UNUSED_FUNCTION = YES;
				GCC_WARN_UNUSED_VARIABLE = YES;
				IPHONEOS_DEPLOYMENT_TARGET = 16.2;
				MTL_ENABLE_DEBUG_INFO = NO;
				MTL_FAST_MATH = YES;
				SDKROOT = iphoneos;
				SWIFT_COMPILATION_MODE = wholemodule;
				SWIFT_OPTIMIZATION_LEVEL = "-O";
				VALIDATE_PRODUCT = YES;
			};
			name = release;
		};
		9600DAF729817B2D00A1F9E8 /* debug */ = {
			isa = XCBuildConfiguration;
			buildSettings = {
				ASSETCATALOG_COMPILER_APPICON_NAME = AppIcon;
				ASSETCATALOG_COMPILER_GLOBAL_ACCENT_COLOR_NAME = AccentColor;
				CODE_SIGN_STYLE = Automatic;
				CURRENT_PROJECT_VERSION = 1;
				DEVELOPMENT_TEAM = ZT6NSF9TD6;
				GENERATE_INFOPLIST_FILE = YES;
				INFOPLIST_FILE = tryBluetooth/Resources/Plist/Info.plist;
				INFOPLIST_KEY_UIApplicationSupportsIndirectInputEvents = YES;
				INFOPLIST_KEY_UILaunchStoryboardName = LaunchScreen;
				INFOPLIST_KEY_UISupportedInterfaceOrientations_iPad = "UIInterfaceOrientationPortrait UIInterfaceOrientationPortraitUpsideDown UIInterfaceOrientationLandscapeLeft UIInterfaceOrientationLandscapeRight";
				INFOPLIST_KEY_UISupportedInterfaceOrientations_iPhone = "UIInterfaceOrientationPortrait UIInterfaceOrientationLandscapeLeft UIInterfaceOrientationLandscapeRight";
				IPHONEOS_DEPLOYMENT_TARGET = 11.0;
				LD_RUNPATH_SEARCH_PATHS = (
					"$(inherited)",
					"@executable_path/Frameworks",
				);
				MARKETING_VERSION = 1.0;
				PRODUCT_BUNDLE_IDENTIFIER = com.twiAbdalrady.tryBluetooth;
				PRODUCT_NAME = "$(TARGET_NAME)";
				SWIFT_EMIT_LOC_STRINGS = YES;
				SWIFT_VERSION = 5.0;
				TARGETED_DEVICE_FAMILY = "1,2";
			};
			name = debug;
		};
		9600DAF829817B2D00A1F9E8 /* release */ = {
			isa = XCBuildConfiguration;
			buildSettings = {
				ASSETCATALOG_COMPILER_APPICON_NAME = AppIcon;
				ASSETCATALOG_COMPILER_GLOBAL_ACCENT_COLOR_NAME = AccentColor;
				CODE_SIGN_STYLE = Automatic;
				CURRENT_PROJECT_VERSION = 1;
				DEVELOPMENT_TEAM = ZT6NSF9TD6;
				GENERATE_INFOPLIST_FILE = YES;
				INFOPLIST_FILE = tryBluetooth/Resources/Plist/Info.plist;
				INFOPLIST_KEY_UIApplicationSupportsIndirectInputEvents = YES;
				INFOPLIST_KEY_UILaunchStoryboardName = LaunchScreen;
				INFOPLIST_KEY_UISupportedInterfaceOrientations_iPad = "UIInterfaceOrientationPortrait UIInterfaceOrientationPortraitUpsideDown UIInterfaceOrientationLandscapeLeft UIInterfaceOrientationLandscapeRight";
				INFOPLIST_KEY_UISupportedInterfaceOrientations_iPhone = "UIInterfaceOrientationPortrait UIInterfaceOrientationLandscapeLeft UIInterfaceOrientationLandscapeRight";
				IPHONEOS_DEPLOYMENT_TARGET = 11.0;
				LD_RUNPATH_SEARCH_PATHS = (
					"$(inherited)",
					"@executable_path/Frameworks",
				);
				MARKETING_VERSION = 1.0;
				PRODUCT_BUNDLE_IDENTIFIER = com.twiAbdalrady.tryBluetooth;
				PRODUCT_NAME = "$(TARGET_NAME)";
				SWIFT_EMIT_LOC_STRINGS = YES;
				SWIFT_VERSION = 5.0;
				TARGETED_DEVICE_FAMILY = "1,2";
			};
			name = release;
		};
/* End XCBuildConfiguration section */

/* Begin XCConfigurationList section */
		9600DADD29817B2C00A1F9E8 /* Build configuration list for PBXProject "tryBluetooth" */ = {
			isa = XCConfigurationList;
			buildConfigurations = (
				9600DAF429817B2D00A1F9E8 /* debug */,
				9600DAF529817B2D00A1F9E8 /* release */,
			);
			defaultConfigurationIsVisible = 0;
			defaultConfigurationName = release;
		};
		9600DAF629817B2D00A1F9E8 /* Build configuration list for PBXNativeTarget "tryBluetooth" */ = {
			isa = XCConfigurationList;
			buildConfigurations = (
				9600DAF729817B2D00A1F9E8 /* debug */,
				9600DAF829817B2D00A1F9E8 /* release */,
			);
			defaultConfigurationIsVisible = 0;
			defaultConfigurationName = release;
		};
/* End XCConfigurationList section */
	};
	rootObject = 9600DADA29817B2C00A1F9E8 /* Project object */;
}
